
Microsoft Visual Studio Solution File, Format Version 12.00
# Visual Studio Version 16
VisualStudioVersion = 16.0.32126.315
MinimumVisualStudioVersion = 10.0.40219.1
Project("{FAE04EC0-301F-11D3-BF4B-00C04F79EFBC}") = "GOLStartUpTemplate", "GOLStartUpTemplate\GOLStartUpTemplate.csproj", "{B5818FD8-C814-4F3D-8311-277E18415F2D}"
EndProject
Global
	GlobalSection(SolutionConfigurationPlatforms) = preSolution
		Debug|Any CPU = Debug|Any CPU
		Release|Any CPU = Release|Any CPU
	EndGlobalSection
	GlobalSection(ProjectConfigurationPlatforms) = postSolution
		{B5818FD8-C814-4F3D-8311-277E18415F2D}.Debug|Any CPU.ActiveCfg = Debug|Any CPU
		{B5818FD8-C814-4F3D-8311-277E18415F2D}.Debug|Any CPU.Build.0 = Debug|Any CPU
		{B5818FD8-C814-4F3D-8311-277E18415F2D}.Release|Any CPU.ActiveCfg = Release|Any CPU
		{B5818FD8-C814-4F3D-8311-277E18415F2D}.Release|Any CPU.Build.0 = Release|Any CPU
	EndGlobalSection
	GlobalSection(SolutionProperties) = preSolution
		HideSolutionNode = FALSE
	EndGlobalSection
	GlobalSection(ExtensibilityGlobals) = postSolution
		SolutionGuid = {2164BC97-E6D8-4923-8C96-08D069605796}
	EndGlobalSection
EndGlobal
